{
  "name": "ajs_node",
  "version": "1.0.0",
  "lockfileVersion": 3,
  "requires": true,
  "packages": {
    "": {
      "name": "ajs_node",
      "version": "1.0.0",
      "license": "ISC",
      "dependencies": {
        "@antistesem/ajs": "^1.0.0"
      }
    },
    "node_modules/@antistesem/ajs": {
      "version": "1.0.0",
      "resolved": "https://npm.pkg.github.com/download/@antistesem/ajs/1.0.0/ee72f231b25c2d9bd95ad1170c5056be5f679f53",
      "integrity": "sha512-wYT1xy4PYmVXg3DJq6Jwk7XAj0oi10k49X1S9Lnk8XljPe04jQkNUi6GPUpG72QwL0OMn4t61jIOuHLwD/9lPw==",
      "license": "ISC"
    }
  }
}
